
Microsoft Visual Studio Solution File, Format Version 12.00
# Visual Studio Version 16
VisualStudioVersion = 16.0.28922.388
MinimumVisualStudioVersion = 10.0.40219.1
Project("{FAE04EC0-301F-11D3-BF4B-00C04F79EFBC}") = "Noval", "Noval\Noval.csproj", "{EFE30F0D-EB6F-408E-8DE6-BF82F9A2A9B7}"
EndProject
Project("{FAE04EC0-301F-11D3-BF4B-00C04F79EFBC}") = "NovalTests", "NovalTests\NovalTests.csproj", "{96B4B9BF-A93C-420A-B4D9-708D56D00FEC}"
EndProject
Global
	GlobalSection(SolutionConfigurationPlatforms) = preSolution
		Debug|Any CPU = Debug|Any CPU
		Release|Any CPU = Release|Any CPU
	EndGlobalSection
	GlobalSection(ProjectConfigurationPlatforms) = postSolution
		{EFE30F0D-EB6F-408E-8DE6-BF82F9A2A9B7}.Debug|Any CPU.ActiveCfg = Debug|Any CPU
		{EFE30F0D-EB6F-408E-8DE6-BF82F9A2A9B7}.Debug|Any CPU.Build.0 = Debug|Any CPU
		{EFE30F0D-EB6F-408E-8DE6-BF82F9A2A9B7}.Release|Any CPU.ActiveCfg = Release|Any CPU
		{EFE30F0D-EB6F-408E-8DE6-BF82F9A2A9B7}.Release|Any CPU.Build.0 = Release|Any CPU
		{96B4B9BF-A93C-420A-B4D9-708D56D00FEC}.Debug|Any CPU.ActiveCfg = Debug|Any CPU
		{96B4B9BF-A93C-420A-B4D9-708D56D00FEC}.Debug|Any CPU.Build.0 = Debug|Any CPU
		{96B4B9BF-A93C-420A-B4D9-708D56D00FEC}.Release|Any CPU.ActiveCfg = Release|Any CPU
		{96B4B9BF-A93C-420A-B4D9-708D56D00FEC}.Release|Any CPU.Build.0 = Release|Any CPU
	EndGlobalSection
	GlobalSection(SolutionProperties) = preSolution
		HideSolutionNode = FALSE
	EndGlobalSection
	GlobalSection(ExtensibilityGlobals) = postSolution
		SolutionGuid = {6C917BB0-AA7F-4E8D-AEA7-3B035B463B39}
	EndGlobalSection
EndGlobal
